// !$*UTF8*$!
{
	archiveVersion = 1;
	classes = {
	};
	objectVersion = 56;
	objects = {

/* Begin PBXBuildFile section */
		D571AE672B99285200EC9B2E /* File.swift in Sources */ = {isa = PBXBuildFile; fileRef = D571AE662B99285200EC9B2E /* File.swift */; };
		D579836F2B990A6500FF3CB7 /* AppDelegate.swift in Sources */ = {isa = PBXBuildFile; fileRef = D579836E2B990A6500FF3CB7 /* AppDelegate.swift */; };
		D57983712B990A6500FF3CB7 /* SceneDelegate.swift in Sources */ = {isa = PBXBuildFile; fileRef = D57983702B990A6500FF3CB7 /* SceneDelegate.swift */; };
		D57983732B990A6500FF3CB7 /* ViewController.swift in Sources */ = {isa = PBXBuildFile; fileRef = D57983722B990A6500FF3CB7 /* ViewController.swift */; };
		D57983762B990A6500FF3CB7 /* Main.storyboard in Resources */ = {isa = PBXBuildFile; fileRef = D57983742B990A6500FF3CB7 /* Main.storyboard */; };
		D57983782B990A6C00FF3CB7 /* Assets.xcassets in Resources */ = {isa = PBXBuildFile; fileRef = D57983772B990A6C00FF3CB7 /* Assets.xcassets */; };
		D579837B2B990A6C00FF3CB7 /* LaunchScreen.storyboard in Resources */ = {isa = PBXBuildFile; fileRef = D57983792B990A6C00FF3CB7 /* LaunchScreen.storyboard */; };
		D57983832B990EFA00FF3CB7 /* UserOriginator.swift in Sources */ = {isa = PBXBuildFile; fileRef = D57983822B990EFA00FF3CB7 /* UserOriginator.swift */; };
/* End PBXBuildFile section */

/* Begin PBXFileReference section */
		D571AE662B99285200EC9B2E /* File.swift */ = {isa = PBXFileReference; lastKnownFileType = sourcecode.swift; path = File.swift; sourceTree = "<group>"; };
		D579836B2B990A6500FF3CB7 /* ExampleMemento.app */ = {isa = PBXFileReference; explicitFileType = wrapper.application; includeInIndex = 0; path = ExampleMemento.app; sourceTree = BUILT_PRODUCTS_DIR; };
		D579836E2B990A6500FF3CB7 /* AppDelegate.swift */ = {isa = PBXFileReference; lastKnownFileType = sourcecode.swift; path = AppDelegate.swift; sourceTree = "<group>"; };
		D57983702B990A6500FF3CB7 /* SceneDelegate.swift */ = {isa = PBXFileReference; lastKnownFileType = sourcecode.swift; path = SceneDelegate.swift; sourceTree = "<group>"; };
		D57983722B990A6500FF3CB7 /* ViewController.swift */ = {isa = PBXFileReference; lastKnownFileType = sourcecode.swift; path = ViewController.swift; sourceTree = "<group>"; };
		D57983752B990A6500FF3CB7 /* Base */ = {isa = PBXFileReference; lastKnownFileType = file.storyboard; name = Base; path = Base.lproj/Main.storyboard; sourceTree = "<group>"; };
		D57983772B990A6C00FF3CB7 /* Assets.xcassets */ = {isa = PBXFileReference; lastKnownFileType = folder.assetcatalog; path = Assets.xcassets; sourceTree = "<group>"; };
		D579837A2B990A6C00FF3CB7 /* Base */ = {isa = PBXFileReference; lastKnownFileType = file.storyboard; name = Base; path = Base.lproj/LaunchScreen.storyboard; sourceTree = "<group>"; };
		D579837C2B990A6C00FF3CB7 /* Info.plist */ = {isa = PBXFileReference; lastKnownFileType = text.plist.xml; path = Info.plist; sourceTree = "<group>"; };
		D57983822B990EFA00FF3CB7 /* UserOriginator.swift */ = {isa = PBXFileReference; lastKnownFileType = sourcecode.swift; path = UserOriginator.swift; sourceTree = "<group>"; };
/* End PBXFileReference section */

/* Begin PBXFrameworksBuildPhase section */
		D57983682B990A6500FF3CB7 /* Frameworks */ = {
			isa = PBXFrameworksBuildPhase;
			buildActionMask = 2147483647;
			files = (
			);
			runOnlyForDeploymentPostprocessing = 0;
		};
/* End PBXFrameworksBuildPhase section */

/* Begin PBXGroup section */
		D57983622B990A6500FF3CB7 = {
			isa = PBXGroup;
			children = (
				D579836D2B990A6500FF3CB7 /* ExampleMemento */,
				D579836C2B990A6500FF3CB7 /* Products */,
			);
			sourceTree = "<group>";
		};
		D579836C2B990A6500FF3CB7 /* Products */ = {
			isa = PBXGroup;
			children = (
				D579836B2B990A6500FF3CB7 /* ExampleMemento.app */,
			);
			name = Products;
			sourceTree = "<group>";
		};
		D579836D2B990A6500FF3CB7 /* ExampleMemento */ = {
			isa = PBXGroup;
			children = (
				D57983822B990EFA00FF3CB7 /* UserOriginator.swift */,
				D571AE662B99285200EC9B2E /* File.swift */,
				D579836E2B990A6500FF3CB7 /* AppDelegate.swift */,
				D57983702B990A6500FF3CB7 /* SceneDelegate.swift */,
				D57983722B990A6500FF3CB7 /* ViewController.swift */,
				D57983742B990A6500FF3CB7 /* Main.storyboard */,
				D57983772B990A6C00FF3CB7 /* Assets.xcassets */,
				D57983792B990A6C00FF3CB7 /* LaunchScreen.storyboard */,
				D579837C2B990A6C00FF3CB7 /* Info.plist */,
			);
			path = ExampleMemento;
			sourceTree = "<group>";
		};
/* End PBXGroup section */

/* Begin PBXNativeTarget section */
		D579836A2B990A6500FF3CB7 /* ExampleMemento */ = {
			isa = PBXNativeTarget;
			buildConfigurationList = D579837F2B990A6C00FF3CB7 /* Build configuration list for PBXNativeTarget "ExampleMemento" */;
			buildPhases = (
				D57983672B990A6500FF3CB7 /* Sources */,
				D57983682B990A6500FF3CB7 /* Frameworks */,
				D57983692B990A6500FF3CB7 /* Resources */,
			);
			buildRules = (
			);
			dependencies = (
			);
			name = ExampleMemento;
			productName = ExampleMemento;
			productReference = D579836B2B990A6500FF3CB7 /* ExampleMemento.app */;
			productType = "com.apple.product-type.application";
		};
/* End PBXNativeTarget section */

/* Begin PBXProject section */
		D57983632B990A6500FF3CB7 /* Project object */ = {
			isa = PBXProject;
			attributes = {
				BuildIndependentTargetsInParallel = 1;
				LastSwiftUpdateCheck = 1500;
				LastUpgradeCheck = 1500;
				TargetAttributes = {
					D579836A2B990A6500FF3CB7 = {
						CreatedOnToolsVersion = 15.0;
					};
				};
			};
			buildConfigurationList = D57983662B990A6500FF3CB7 /* Build configuration list for PBXProject "ExampleMemento" */;
			compatibilityVersion = "Xcode 14.0";
			developmentRegion = en;
			hasScannedForEncodings = 0;
			knownRegions = (
				en,
				Base,
			);
			mainGroup = D57983622B990A6500FF3CB7;
			productRefGroup = D579836C2B990A6500FF3CB7 /* Products */;
			projectDirPath = "";
			projectRoot = "";
			targets = (
				D579836A2B990A6500FF3CB7 /* ExampleMemento */,
			);
		};
/* End PBXProject section */

/* Begin PBXResourcesBuildPhase section */
		D57983692B990A6500FF3CB7 /* Resources */ = {
			isa = PBXResourcesBuildPhase;
			buildActionMask = 2147483647;
			files = (
				D579837B2B990A6C00FF3CB7 /* LaunchScreen.storyboard in Resources */,
				D57983782B990A6C00FF3CB7 /* Assets.xcassets in Resources */,
				D57983762B990A6500FF3CB7 /* Main.storyboard in Resources */,
			);
			runOnlyForDeploymentPostprocessing = 0;
		};
/* End PBXResourcesBuildPhase section */

/* Begin PBXSourcesBuildPhase section */
		D57983672B990A6500FF3CB7 /* Sources */ = {
			isa = PBXSourcesBuildPhase;
			buildActionMask = 2147483647;
			files = (
				D571AE672B99285200EC9B2E /* File.swift in Sources */,
				D57983732B990A6500FF3CB7 /* ViewController.swift in Sources */,
				D57983832B990EFA00FF3CB7 /* UserOriginator.swift in Sources */,
				D579836F2B990A6500FF3CB7 /* AppDelegate.swift in Sources */,
				D57983712B990A6500FF3CB7 /* SceneDelegate.swift in Sources */,
			);
			runOnlyForDeploymentPostprocessing = 0;
		};
/* End PBXSourcesBuildPhase section */

/* Begin PBXVariantGroup section */
		D57983742B990A6500FF3CB7 /* Main.storyboard */ = {
			isa = PBXVariantGroup;
			children = (
				D57983752B990A6500FF3CB7 /* Base */,
			);
			name = Main.storyboard;
			sourceTree = "<group>";
		};
		D57983792B990A6C00FF3CB7 /* LaunchScreen.storyboard */ = {
			isa = PBXVariantGroup;
			children = (
				D579837A2B990A6C00FF3CB7 /* Base */,
			);
			name = LaunchScreen.storyboard;
			sourceTree = "<group>";
		};
/* End PBXVariantGroup section */

/* Begin XCBuildConfiguration section */
		D579837D2B990A6C00FF3CB7 /* Debug */ = {
			isa = XCBuildConfiguration;
			buildSettings = {
				ALWAYS_SEARCH_USER_PATHS = NO;
				ASSETCATALOG_COMPILER_GENERATE_SWIFT_ASSET_SYMBOL_EXTENSIONS = YES;
				CLANG_ANALYZER_NONNULL = YES;
				CLANG_ANALYZER_NUMBER_OBJECT_CONVERSION = YES_AGGRESSIVE;
				CLANG_CXX_LANGUAGE_STANDARD = "gnu++20";
				CLANG_ENABLE_MODULES = YES;
				CLANG_ENABLE_OBJC_ARC = YES;
				CLANG_ENABLE_OBJC_WEAK = YES;
				CLANG_WARN_BLOCK_CAPTURE_AUTORELEASING = YES;
				CLANG_WARN_BOOL_CONVERSION = YES;
				CLANG_WARN_COMMA = YES;
				CLANG_WARN_CONSTANT_CONVERSION = YES;
				CLANG_WARN_DEPRECATED_OBJC_IMPLEMENTATIONS = YES;
				CLANG_WARN_DIRECT_OBJC_ISA_USAGE = YES_ERROR;
				CLANG_WARN_DOCUMENTATION_COMMENTS = YES;
				CLANG_WARN_EMPTY_BODY = YES;
				CLANG_WARN_ENUM_CONVERSION = YES;
				CLANG_WARN_INFINITE_RECURSION = YES;
				CLANG_WARN_INT_CONVERSION = YES;
				CLANG_WARN_NON_LITERAL_NULL_CONVERSION = YES;
				CLANG_WARN_OBJC_IMPLICIT_RETAIN_SELF = YES;
				CLANG_WARN_OBJC_LITERAL_CONVERSION = YES;
				CLANG_WARN_OBJC_ROOT_CLASS = YES_ERROR;
				CLANG_WARN_QUOTED_INCLUDE_IN_FRAMEWORK_HEADER = YES;
				CLANG_WARN_RANGE_LOOP_ANALYSIS = YES;
				CLANG_WARN_STRICT_PROTOTYPES = YES;
				CLANG_WARN_SUSPICIOUS_MOVE = YES;
				CLANG_WARN_UNGUARDED_AVAILABILITY = YES_AGGRESSIVE;
				CLANG_WARN_UNREACHABLE_CODE = YES;
				CLANG_WARN__DUPLICATE_METHOD_MATCH = YES;
				COPY_PHASE_STRIP = NO;
				DEBUG_INFORMATION_FORMAT = dwarf;
				ENABLE_STRICT_OBJC_MSGSEND = YES;
				ENABLE_TESTABILITY = YES;
				ENABLE_USER_SCRIPT_SANDBOXING = YES;
				GCC_C_LANGUAGE_STANDARD = gnu17;
				GCC_DYNAMIC_NO_PIC = NO;
				GCC_NO_COMMON_BLOCKS = YES;
				GCC_OPTIMIZATION_LEVEL = 0;
				GCC_PREPROCESSOR_DEFINITIONS = (
					"DEBUG=1",
					"$(inherited)",
				);
				GCC_WARN_64_TO_32_BIT_CONVERSION = YES;
				GCC_WARN_ABOUT_RETURN_TYPE = YES_ERROR;
				GCC_WARN_UNDECLARED_SELECTOR = YES;
				GCC_WARN_UNINITIALIZED_AUTOS = YES_AGGRESSIVE;
				GCC_WARN_UNUSED_FUNCTION = YES;
				GCC_WARN_UNUSED_VARIABLE = YES;
				IPHONEOS_DEPLOYMENT_TARGET = 17.0;
				LOCALIZATION_PREFERS_STRING_CATALOGS = YES;
				MTL_ENABLE_DEBUG_INFO = INCLUDE_SOURCE;
				MTL_FAST_MATH = YES;
				ONLY_ACTIVE_ARCH = YES;
				SDKROOT = iphoneos;
				SWIFT_ACTIVE_COMPILATION_CONDITIONS = "DEBUG $(inherited)";
				SWIFT_OPTIMIZATION_LEVEL = "-Onone";
			};
			name = Debug;
		};
		D579837E2B990A6C00FF3CB7 /* Release */ = {
			isa = XCBuildConfiguration;
			buildSettings = {
				ALWAYS_SEARCH_USER_PATHS = NO;
				ASSETCATALOG_COMPILER_GENERATE_SWIFT_ASSET_SYMBOL_EXTENSIONS = YES;
				CLANG_ANALYZER_NONNULL = YES;
				CLANG_ANALYZER_NUMBER_OBJECT_CONVERSION = YES_AGGRESSIVE;
				CLANG_CXX_LANGUAGE_STANDARD = "gnu++20";
				CLANG_ENABLE_MODULES = YES;
				CLANG_ENABLE_OBJC_ARC = YES;
				CLANG_ENABLE_OBJC_WEAK = YES;
				CLANG_WARN_BLOCK_CAPTURE_AUTORELEASING = YES;
				CLANG_WARN_BOOL_CONVERSION = YES;
				CLANG_WARN_COMMA = YES;
				CLANG_WARN_CONSTANT_CONVERSION = YES;
				CLANG_WARN_DEPRECATED_OBJC_IMPLEMENTATIONS = YES;
				CLANG_WARN_DIRECT_OBJC_ISA_USAGE = YES_ERROR;
				CLANG_WARN_DOCUMENTATION_COMMENTS = YES;
				CLANG_WARN_EMPTY_BODY = YES;
				CLANG_WARN_ENUM_CONVERSION = YES;
				CLANG_WARN_INFINITE_RECURSION = YES;
				CLANG_WARN_INT_CONVERSION = YES;
				CLANG_WARN_NON_LITERAL_NULL_CONVERSION = YES;
				CLANG_WARN_OBJC_IMPLICIT_RETAIN_SELF = YES;
				CLANG_WARN_OBJC_LITERAL_CONVERSION = YES;
				CLANG_WARN_OBJC_ROOT_CLASS = YES_ERROR;
				CLANG_WARN_QUOTED_INCLUDE_IN_FRAMEWORK_HEADER = YES;
				CLANG_WARN_RANGE_LOOP_ANALYSIS = YES;
				CLANG_WARN_STRICT_PROTOTYPES = YES;
				CLANG_WARN_SUSPICIOUS_MOVE = YES;
				CLANG_WARN_UNGUARDED_AVAILABILITY = YES_AGGRESSIVE;
				CLANG_WARN_UNREACHABLE_CODE = YES;
				CLANG_WARN__DUPLICATE_METHOD_MATCH = YES;
				COPY_PHASE_STRIP = NO;
				DEBUG_INFORMATION_FORMAT = "dwarf-with-dsym";
				ENABLE_NS_ASSERTIONS = NO;
				ENABLE_STRICT_OBJC_MSGSEND = YES;
				ENABLE_USER_SCRIPT_SANDBOXING = YES;
				GCC_C_LANGUAGE_STANDARD = gnu17;
				GCC_NO_COMMON_BLOCKS = YES;
				GCC_WARN_64_TO_32_BIT_CONVERSION = YES;
				GCC_WARN_ABOUT_RETURN_TYPE = YES_ERROR;
				GCC_WARN_UNDECLARED_SELECTOR = YES;
				GCC_WARN_UNINITIALIZED_AUTOS = YES_AGGRESSIVE;
				GCC_WARN_UNUSED_FUNCTION = YES;
				GCC_WARN_UNUSED_VARIABLE = YES;
				IPHONEOS_DEPLOYMENT_TARGET = 17.0;
				LOCALIZATION_PREFERS_STRING_CATALOGS = YES;
				MTL_ENABLE_DEBUG_INFO = NO;
				MTL_FAST_MATH = YES;
				SDKROOT = iphoneos;
				SWIFT_COMPILATION_MODE = wholemodule;
				VALIDATE_PRODUCT = YES;
			};
			name = Release;
		};
		D57983802B990A6C00FF3CB7 /* Debug */ = {
			isa = XCBuildConfiguration;
			buildSettings = {
				ASSETCATALOG_COMPILER_APPICON_NAME = AppIcon;
				ASSETCATALOG_COMPILER_GLOBAL_ACCENT_COLOR_NAME = AccentColor;
				CODE_SIGN_STYLE = Automatic;
				CURRENT_PROJECT_VERSION = 1;
				DEVELOPMENT_TEAM = V54S3A3W4Z;
				GENERATE_INFOPLIST_FILE = YES;
				INFOPLIST_FILE = ExampleMemento/Info.plist;
				INFOPLIST_KEY_UIApplicationSupportsIndirectInputEvents = YES;
				INFOPLIST_KEY_UILaunchStoryboardName = LaunchScreen;
				INFOPLIST_KEY_UIMainStoryboardFile = Main;
				INFOPLIST_KEY_UISupportedInterfaceOrientations_iPad = "UIInterfaceOrientationPortrait UIInterfaceOrientationPortraitUpsideDown UIInterfaceOrientationLandscapeLeft UIInterfaceOrientationLandscapeRight";
				INFOPLIST_KEY_UISupportedInterfaceOrientations_iPhone = "UIInterfaceOrientationPortrait UIInterfaceOrientationLandscapeLeft UIInterfaceOrientationLandscapeRight";
				IPHONEOS_DEPLOYMENT_TARGET = 15.0;
				LD_RUNPATH_SEARCH_PATHS = (
					"$(inherited)",
					"@executable_path/Frameworks",
				);
				MARKETING_VERSION = 1.0;
				PRODUCT_BUNDLE_IDENTIFIER = "Vakil-Kalandarov.ExampleMemento";
				PRODUCT_NAME = "$(TARGET_NAME)";
				SWIFT_EMIT_LOC_STRINGS = YES;
				SWIFT_VERSION = 5.0;
				TARGETED_DEVICE_FAMILY = "1,2";
			};
			name = Debug;
		};
		D57983812B990A6C00FF3CB7 /* Release */ = {
			isa = XCBuildConfiguration;
			buildSettings = {
				ASSETCATALOG_COMPILER_APPICON_NAME = AppIcon;
				ASSETCATALOG_COMPILER_GLOBAL_ACCENT_COLOR_NAME = AccentColor;
				CODE_SIGN_STYLE = Automatic;
				CURRENT_PROJECT_VERSION = 1;
				DEVELOPMENT_TEAM = V54S3A3W4Z;
				GENERATE_INFOPLIST_FILE = YES;
				INFOPLIST_FILE = ExampleMemento/Info.plist;
				INFOPLIST_KEY_UIApplicationSupportsIndirectInputEvents = YES;
				INFOPLIST_KEY_UILaunchStoryboardName = LaunchScreen;
				INFOPLIST_KEY_UIMainStoryboardFile = Main;
				INFOPLIST_KEY_UISupportedInterfaceOrientations_iPad = "UIInterfaceOrientationPortrait UIInterfaceOrientationPortraitUpsideDown UIInterfaceOrientationLandscapeLeft UIInterfaceOrientationLandscapeRight";
				INFOPLIST_KEY_UISupportedInterfaceOrientations_iPhone = "UIInterfaceOrientationPortrait UIInterfaceOrientationLandscapeLeft UIInterfaceOrientationLandscapeRight";
				IPHONEOS_DEPLOYMENT_TARGET = 15.0;
				LD_RUNPATH_SEARCH_PATHS = (
					"$(inherited)",
					"@executable_path/Frameworks",
				);
				MARKETING_VERSION = 1.0;
				PRODUCT_BUNDLE_IDENTIFIER = "Vakil-Kalandarov.ExampleMemento";
				PRODUCT_NAME = "$(TARGET_NAME)";
				SWIFT_EMIT_LOC_STRINGS = YES;
				SWIFT_VERSION = 5.0;
				TARGETED_DEVICE_FAMILY = "1,2";
			};
			name = Release;
		};
/* End XCBuildConfiguration section */

/* Begin XCConfigurationList section */
		D57983662B990A6500FF3CB7 /* Build configuration list for PBXProject "ExampleMemento" */ = {
			isa = XCConfigurationList;
			buildConfigurations = (
				D579837D2B990A6C00FF3CB7 /* Debug */,
				D579837E2B990A6C00FF3CB7 /* Release */,
			);
			defaultConfigurationIsVisible = 0;
			defaultConfigurationName = Release;
		};
		D579837F2B990A6C00FF3CB7 /* Build configuration list for PBXNativeTarget "ExampleMemento" */ = {
			isa = XCConfigurationList;
			buildConfigurations = (
				D57983802B990A6C00FF3CB7 /* Debug */,
				D57983812B990A6C00FF3CB7 /* Release */,
			);
			defaultConfigurationIsVisible = 0;
			defaultConfigurationName = Release;
		};
/* End XCConfigurationList section */
	};
	rootObject = D57983632B990A6500FF3CB7 /* Project object */;
}
